
Microsoft Visual Studio Solution File, Format Version 12.00
# Visual Studio 15
VisualStudioVersion = 15.0.28307.539
MinimumVisualStudioVersion = 10.0.40219.1
Project("{FAE04EC0-301F-11D3-BF4B-00C04F79EFBC}") = "ConsoleXadrex", "ConsoleXadrex\ConsoleXadrex.csproj", "{F5259CE4-BF21-45E4-948F-478A5AC67385}"
EndProject
Global
	GlobalSection(SolutionConfigurationPlatforms) = preSolution
		Debug|Any CPU = Debug|Any CPU
		Release|Any CPU = Release|Any CPU
	EndGlobalSection
	GlobalSection(ProjectConfigurationPlatforms) = postSolution
		{F5259CE4-BF21-45E4-948F-478A5AC67385}.Debug|Any CPU.ActiveCfg = Debug|Any CPU
		{F5259CE4-BF21-45E4-948F-478A5AC67385}.Debug|Any CPU.Build.0 = Debug|Any CPU
		{F5259CE4-BF21-45E4-948F-478A5AC67385}.Release|Any CPU.ActiveCfg = Release|Any CPU
		{F5259CE4-BF21-45E4-948F-478A5AC67385}.Release|Any CPU.Build.0 = Release|Any CPU
	EndGlobalSection
	GlobalSection(SolutionProperties) = preSolution
		HideSolutionNode = FALSE
	EndGlobalSection
	GlobalSection(ExtensibilityGlobals) = postSolution
		SolutionGuid = {3CE4E3ED-3807-4DD7-B7D6-599DBF3BBF28}
	EndGlobalSection
EndGlobal
